<?xml version="1.0" encoding="utf-8"?>
<Project ToolsVersion="4.0" xmlns="http://schemas.microsoft.com/developer/msbuild/2003">
  <ItemGroup>
    <ClCompile Include="VoxGame.cpp" />
    <ClCompile Include="main.cpp" />
    <ClCompile Include="Cube.cpp">
      <Filter>GameObjects</Filter>
    </ClCompile>
    <ClCompile Include="GamePlayScene.cpp">
      <Filter>Scenes</Filter>
    </ClCompile>
    <ClCompile Include="Voxel.cpp">
      <Filter>GameObjects</Filter>
    </ClCompile>
    <ClCompile Include="GameMenuScene.cpp" />
  </ItemGroup>
  <ItemGroup>
    <ClInclude Include="VoxGame.h" />
    <ClInclude Include="Cube.h">
      <Filter>GameObjects</Filter>
    </ClInclude>
    <ClInclude Include="GamePlayScene.h">
      <Filter>Scenes</Filter>
    </ClInclude>
    <ClInclude Include="Voxel.h">
      <Filter>GameObjects</Filter>
    </ClInclude>
    <ClInclude Include="GameMenuScene.h" />
  </ItemGroup>
  <ItemGroup>
    <None Include="shader.frag" />
    <None Include="shader.vert" />
    <None Include="shaders.hlsl" />
  </ItemGroup>
  <ItemGroup>
    <Filter Include="GameObjects">
      <UniqueIdentifier>{9816dac6-343c-46e8-969c-e64f41503e2c}</UniqueIdentifier>
    </Filter>
    <Filter Include="Messages">
      <UniqueIdentifier>{3794c4d0-7aee-45d1-b390-0a76f66ba664}</UniqueIdentifier>
    </Filter>
    <Filter Include="Components">
      <UniqueIdentifier>{51ea686e-2807-4253-8011-310ebf85db22}</UniqueIdentifier>
    </Filter>
    <Filter Include="Scenes">
      <UniqueIdentifier>{13d12b4b-91ac-4b27-812d-93acca3388ff}</UniqueIdentifier>
    </Filter>
    <Filter Include="imgui">
      <UniqueIdentifier>{906943ab-6c32-4d4f-ba47-bf26cf6d9829}</UniqueIdentifier>
    </Filter>
  </ItemGroup>
</Project>