
Microsoft Visual Studio Solution File, Format Version 12.00
# Visual Studio Version 17
VisualStudioVersion = 17.3.32825.248
MinimumVisualStudioVersion = 10.0.40219.1
Project("{8BC9CEB8-8B4A-11D0-8D11-00A0C91BC942}") = "Engine", "Engine\Engine.vcxproj", "{29972CCA-EEAC-48E5-AB22-93B6C302027B}"
EndProject
Project("{8BC9CEB8-8B4A-11D0-8D11-00A0C91BC942}") = "Game", "Game\Game.vcxproj", "{62160E6D-C060-4D1A-BC2B-322E959CA501}"
	ProjectSection(ProjectDependencies) = postProject
		{29972CCA-EEAC-48E5-AB22-93B6C302027B} = {29972CCA-EEAC-48E5-AB22-93B6C302027B}
	EndProjectSection
EndProject
Project("{2150E333-8FDC-42A3-9474-1A3956D46DE8}") = "Solution Items", "Solution Items", "{3BAA3360-435E-4642-A42C-751BF4F987AF}"
	ProjectSection(SolutionItems) = preProject
		config.ini = config.ini
		imgui\imconfig.h = imgui\imconfig.h
		imgui\imgui.cpp = imgui\imgui.cpp
		imgui\imgui.h = imgui\imgui.h
		imgui\imgui_demo.cpp = imgui\imgui_demo.cpp
		imgui\imgui_draw.cpp = imgui\imgui_draw.cpp
		imgui\imgui_impl_dx11.cpp = imgui\imgui_impl_dx11.cpp
		imgui\imgui_impl_dx11.h = imgui\imgui_impl_dx11.h
		imgui\imgui_impl_glfw.cpp = imgui\imgui_impl_glfw.cpp
		imgui\imgui_impl_glfw.h = imgui\imgui_impl_glfw.h
		imgui\imgui_impl_opengl3.cpp = imgui\imgui_impl_opengl3.cpp
		imgui\imgui_impl_opengl3.h = imgui\imgui_impl_opengl3.h
		imgui\imgui_impl_opengl3_loader.h = imgui\imgui_impl_opengl3_loader.h
		imgui\imgui_impl_win32.cpp = imgui\imgui_impl_win32.cpp
		imgui\imgui_impl_win32.h = imgui\imgui_impl_win32.h
		imgui\imgui_internal.h = imgui\imgui_internal.h
		imgui\imgui_tables.cpp = imgui\imgui_tables.cpp
		imgui\imgui_widgets.cpp = imgui\imgui_widgets.cpp
		imgui\imstb_rectpack.h = imgui\imstb_rectpack.h
		imgui\imstb_textedit.h = imgui\imstb_textedit.h
		imgui\imstb_truetype.h = imgui\imstb_truetype.h
		imgui\LICENSE.txt = imgui\LICENSE.txt
	EndProjectSection
EndProject
Project("{2150E333-8FDC-42A3-9474-1A3956D46DE8}") = "imgui", "imgui", "{C40F0880-6889-4E79-A666-2B20768461BD}"
	ProjectSection(SolutionItems) = preProject
		imgui\imconfig.h = imgui\imconfig.h
		imgui\imgui.cpp = imgui\imgui.cpp
		imgui\imgui.h = imgui\imgui.h
		imgui\imgui_demo.cpp = imgui\imgui_demo.cpp
		imgui\imgui_draw.cpp = imgui\imgui_draw.cpp
		imgui\imgui_impl_dx11.cpp = imgui\imgui_impl_dx11.cpp
		imgui\imgui_impl_dx11.h = imgui\imgui_impl_dx11.h
		imgui\imgui_impl_glfw.cpp = imgui\imgui_impl_glfw.cpp
		imgui\imgui_impl_glfw.h = imgui\imgui_impl_glfw.h
		imgui\imgui_impl_opengl3.cpp = imgui\imgui_impl_opengl3.cpp
		imgui\imgui_impl_opengl3.h = imgui\imgui_impl_opengl3.h
		imgui\imgui_impl_opengl3_loader.h = imgui\imgui_impl_opengl3_loader.h
		imgui\imgui_impl_win32.cpp = imgui\imgui_impl_win32.cpp
		imgui\imgui_impl_win32.h = imgui\imgui_impl_win32.h
		imgui\imgui_internal.h = imgui\imgui_internal.h
		imgui\imgui_tables.cpp = imgui\imgui_tables.cpp
		imgui\imgui_widgets.cpp = imgui\imgui_widgets.cpp
		imgui\imstb_rectpack.h = imgui\imstb_rectpack.h
		imgui\imstb_textedit.h = imgui\imstb_textedit.h
		imgui\imstb_truetype.h = imgui\imstb_truetype.h
		imgui\LICENSE.txt = imgui\LICENSE.txt
	EndProjectSection
EndProject
Global
	GlobalSection(SolutionConfigurationPlatforms) = preSolution
		Debug - DirectX|Win32 = Debug - DirectX|Win32
		Debug - OpenGL|Win32 = Debug - OpenGL|Win32
		Release - DirectX|Win32 = Release - DirectX|Win32
		Release - OpenGL|Win32 = Release - OpenGL|Win32
	EndGlobalSection
	GlobalSection(ProjectConfigurationPlatforms) = postSolution
		{29972CCA-EEAC-48E5-AB22-93B6C302027B}.Debug - DirectX|Win32.ActiveCfg = Debug - DirectX|Win32
		{29972CCA-EEAC-48E5-AB22-93B6C302027B}.Debug - DirectX|Win32.Build.0 = Debug - DirectX|Win32
		{29972CCA-EEAC-48E5-AB22-93B6C302027B}.Debug - OpenGL|Win32.ActiveCfg = Debug - OpenGL|Win32
		{29972CCA-EEAC-48E5-AB22-93B6C302027B}.Debug - OpenGL|Win32.Build.0 = Debug - OpenGL|Win32
		{29972CCA-EEAC-48E5-AB22-93B6C302027B}.Release - DirectX|Win32.ActiveCfg = Release - DirectX|Win32
		{29972CCA-EEAC-48E5-AB22-93B6C302027B}.Release - DirectX|Win32.Build.0 = Release - DirectX|Win32
		{29972CCA-EEAC-48E5-AB22-93B6C302027B}.Release - OpenGL|Win32.ActiveCfg = Release - OpenGL|Win32
		{29972CCA-EEAC-48E5-AB22-93B6C302027B}.Release - OpenGL|Win32.Build.0 = Release - OpenGL|Win32
		{62160E6D-C060-4D1A-BC2B-322E959CA501}.Debug - DirectX|Win32.ActiveCfg = Debug - DirectX|Win32
		{62160E6D-C060-4D1A-BC2B-322E959CA501}.Debug - DirectX|Win32.Build.0 = Debug - DirectX|Win32
		{62160E6D-C060-4D1A-BC2B-322E959CA501}.Debug - OpenGL|Win32.ActiveCfg = Debug - OpenGL|Win32
		{62160E6D-C060-4D1A-BC2B-322E959CA501}.Debug - OpenGL|Win32.Build.0 = Debug - OpenGL|Win32
		{62160E6D-C060-4D1A-BC2B-322E959CA501}.Release - DirectX|Win32.ActiveCfg = Release - DirectX|Win32
		{62160E6D-C060-4D1A-BC2B-322E959CA501}.Release - DirectX|Win32.Build.0 = Release - DirectX|Win32
		{62160E6D-C060-4D1A-BC2B-322E959CA501}.Release - OpenGL|Win32.ActiveCfg = Release - OpenGL|Win32
		{62160E6D-C060-4D1A-BC2B-322E959CA501}.Release - OpenGL|Win32.Build.0 = Release - OpenGL|Win32
	EndGlobalSection
	GlobalSection(SolutionProperties) = preSolution
		HideSolutionNode = FALSE
	EndGlobalSection
	GlobalSection(ExtensibilityGlobals) = postSolution
		SolutionGuid = {331499D9-71E3-4F57-9F9B-464CA5578A31}
	EndGlobalSection
EndGlobal
